
Microsoft Visual Studio Solution File, Format Version 12.00
# Visual Studio Version 16
VisualStudioVersion = 16.0.30523.141
MinimumVisualStudioVersion = 10.0.40219.1
Project("{9A19103F-16F7-4668-BE54-9A1E7A4F7556}") = "tickets_selling", "tickets_selling.csproj", "{1D21AF49-344D-4145-B2B1-43904443894A}"
EndProject
Project("{9A19103F-16F7-4668-BE54-9A1E7A4F7556}") = "Domain", "..\Backpart\Domain.csproj", "{DE711676-3CB2-4735-905B-995B1D90371D}"
EndProject
Project("{9A19103F-16F7-4668-BE54-9A1E7A4F7556}") = "UnitTests", "..\UnitTests\UnitTests.csproj", "{0310C098-21EA-459D-AB38-E4B671793A61}"
EndProject
Global
	GlobalSection(SolutionConfigurationPlatforms) = preSolution
		Debug|Any CPU = Debug|Any CPU
		Release|Any CPU = Release|Any CPU
	EndGlobalSection
	GlobalSection(ProjectConfigurationPlatforms) = postSolution
		{1D21AF49-344D-4145-B2B1-43904443894A}.Debug|Any CPU.ActiveCfg = Debug|Any CPU
		{1D21AF49-344D-4145-B2B1-43904443894A}.Debug|Any CPU.Build.0 = Debug|Any CPU
		{1D21AF49-344D-4145-B2B1-43904443894A}.Release|Any CPU.ActiveCfg = Release|Any CPU
		{1D21AF49-344D-4145-B2B1-43904443894A}.Release|Any CPU.Build.0 = Release|Any CPU
		{DE711676-3CB2-4735-905B-995B1D90371D}.Debug|Any CPU.ActiveCfg = Debug|Any CPU
		{DE711676-3CB2-4735-905B-995B1D90371D}.Debug|Any CPU.Build.0 = Debug|Any CPU
		{DE711676-3CB2-4735-905B-995B1D90371D}.Release|Any CPU.ActiveCfg = Release|Any CPU
		{DE711676-3CB2-4735-905B-995B1D90371D}.Release|Any CPU.Build.0 = Release|Any CPU
		{0310C098-21EA-459D-AB38-E4B671793A61}.Debug|Any CPU.ActiveCfg = Debug|Any CPU
		{0310C098-21EA-459D-AB38-E4B671793A61}.Debug|Any CPU.Build.0 = Debug|Any CPU
		{0310C098-21EA-459D-AB38-E4B671793A61}.Release|Any CPU.ActiveCfg = Release|Any CPU
		{0310C098-21EA-459D-AB38-E4B671793A61}.Release|Any CPU.Build.0 = Release|Any CPU
	EndGlobalSection
	GlobalSection(SolutionProperties) = preSolution
		HideSolutionNode = FALSE
	EndGlobalSection
	GlobalSection(ExtensibilityGlobals) = postSolution
		SolutionGuid = {876BA07C-6922-41D9-B977-1AAF2DB9965A}
	EndGlobalSection
EndGlobal
