
Microsoft Visual Studio Solution File, Format Version 12.00
# Visual Studio Version 16
VisualStudioVersion = 16.0.30523.141
MinimumVisualStudioVersion = 10.0.40219.1
Project("{FAE04EC0-301F-11D3-BF4B-00C04F79EFBC}") = "tickets_selling", "tickets_selling.csproj", "{1D21AF49-344D-4145-B2B1-43904443894A}"
EndProject
Global
	GlobalSection(SolutionConfigurationPlatforms) = preSolution
		Debug|Any CPU = Debug|Any CPU
		Release|Any CPU = Release|Any CPU
	EndGlobalSection
	GlobalSection(ProjectConfigurationPlatforms) = postSolution
		{1D21AF49-344D-4145-B2B1-43904443894A}.Debug|Any CPU.ActiveCfg = Debug|Any CPU
		{1D21AF49-344D-4145-B2B1-43904443894A}.Debug|Any CPU.Build.0 = Debug|Any CPU
		{1D21AF49-344D-4145-B2B1-43904443894A}.Release|Any CPU.ActiveCfg = Release|Any CPU
		{1D21AF49-344D-4145-B2B1-43904443894A}.Release|Any CPU.Build.0 = Release|Any CPU
	EndGlobalSection
	GlobalSection(SolutionProperties) = preSolution
		HideSolutionNode = FALSE
	EndGlobalSection
	GlobalSection(ExtensibilityGlobals) = postSolution
		SolutionGuid = {876BA07C-6922-41D9-B977-1AAF2DB9965A}
	EndGlobalSection
EndGlobal
